// !$*UTF8*$!
{
	archiveVersion = 1;
	classes = {
	};
	objectVersion = 46;
	objects = {

/* Begin PBXBuildFile section */
		C948CDE51FB49D970076F79F /* main.m in Sources */ = {isa = PBXBuildFile; fileRef = C948CDE41FB49D970076F79F /* main.m */; };
		C948CDE81FB49D970076F79F /* AppDelegate.m in Sources */ = {isa = PBXBuildFile; fileRef = C948CDE71FB49D970076F79F /* AppDelegate.m */; };
		C948CDEB1FB49D970076F79F /* ViewController.m in Sources */ = {isa = PBXBuildFile; fileRef = C948CDEA1FB49D970076F79F /* ViewController.m */; };
		C948CDEE1FB49D970076F79F /* Main.storyboard in Resources */ = {isa = PBXBuildFile; fileRef = C948CDEC1FB49D970076F79F /* Main.storyboard */; };
		C948CDF01FB49D970076F79F /* Assets.xcassets in Resources */ = {isa = PBXBuildFile; fileRef = C948CDEF1FB49D970076F79F /* Assets.xcassets */; };
		C948CDF31FB49D970076F79F /* LaunchScreen.storyboard in Resources */ = {isa = PBXBuildFile; fileRef = C948CDF11FB49D970076F79F /* LaunchScreen.storyboard */; };
		C948CDFE1FB49D970076F79F /* Zadanie6Tests.m in Sources */ = {isa = PBXBuildFile; fileRef = C948CDFD1FB49D970076F79F /* Zadanie6Tests.m */; };
		C948CE091FB49D970076F79F /* Zadanie6UITests.m in Sources */ = {isa = PBXBuildFile; fileRef = C948CE081FB49D970076F79F /* Zadanie6UITests.m */; };
		C948CE1A1FB4D6130076F79F /* Localizable.strings in Resources */ = {isa = PBXBuildFile; fileRef = C948CE1C1FB4D6130076F79F /* Localizable.strings */; };
/* End PBXBuildFile section */

/* Begin PBXContainerItemProxy section */
		C948CDFA1FB49D970076F79F /* PBXContainerItemProxy */ = {
			isa = PBXContainerItemProxy;
			containerPortal = C948CDD81FB49D960076F79F /* Project object */;
			proxyType = 1;
			remoteGlobalIDString = C948CDDF1FB49D970076F79F;
			remoteInfo = Zadanie6;
		};
		C948CE051FB49D970076F79F /* PBXContainerItemProxy */ = {
			isa = PBXContainerItemProxy;
			containerPortal = C948CDD81FB49D960076F79F /* Project object */;
			proxyType = 1;
			remoteGlobalIDString = C948CDDF1FB49D970076F79F;
			remoteInfo = Zadanie6;
		};
/* End PBXContainerItemProxy section */

/* Begin PBXFileReference section */
		C948CDE01FB49D970076F79F /* Zadanie6.app */ = {isa = PBXFileReference; explicitFileType = wrapper.application; includeInIndex = 0; path = Zadanie6.app; sourceTree = BUILT_PRODUCTS_DIR; };
		C948CDE41FB49D970076F79F /* main.m */ = {isa = PBXFileReference; lastKnownFileType = sourcecode.c.objc; path = main.m; sourceTree = "<group>"; };
		C948CDE61FB49D970076F79F /* AppDelegate.h */ = {isa = PBXFileReference; lastKnownFileType = sourcecode.c.h; path = AppDelegate.h; sourceTree = "<group>"; };
		C948CDE71FB49D970076F79F /* AppDelegate.m */ = {isa = PBXFileReference; lastKnownFileType = sourcecode.c.objc; path = AppDelegate.m; sourceTree = "<group>"; };
		C948CDE91FB49D970076F79F /* ViewController.h */ = {isa = PBXFileReference; lastKnownFileType = sourcecode.c.h; path = ViewController.h; sourceTree = "<group>"; };
		C948CDEA1FB49D970076F79F /* ViewController.m */ = {isa = PBXFileReference; lastKnownFileType = sourcecode.c.objc; path = ViewController.m; sourceTree = "<group>"; };
		C948CDED1FB49D970076F79F /* Base */ = {isa = PBXFileReference; lastKnownFileType = file.storyboard; name = Base; path = Base.lproj/Main.storyboard; sourceTree = "<group>"; };
		C948CDEF1FB49D970076F79F /* Assets.xcassets */ = {isa = PBXFileReference; lastKnownFileType = folder.assetcatalog; path = Assets.xcassets; sourceTree = "<group>"; };
		C948CDF21FB49D970076F79F /* Base */ = {isa = PBXFileReference; lastKnownFileType = file.storyboard; name = Base; path = Base.lproj/LaunchScreen.storyboard; sourceTree = "<group>"; };
		C948CDF41FB49D970076F79F /* Info.plist */ = {isa = PBXFileReference; lastKnownFileType = text.plist.xml; path = Info.plist; sourceTree = "<group>"; };
		C948CDF91FB49D970076F79F /* Zadanie6Tests.xctest */ = {isa = PBXFileReference; explicitFileType = wrapper.cfbundle; includeInIndex = 0; path = Zadanie6Tests.xctest; sourceTree = BUILT_PRODUCTS_DIR; };
		C948CDFD1FB49D970076F79F /* Zadanie6Tests.m */ = {isa = PBXFileReference; lastKnownFileType = sourcecode.c.objc; path = Zadanie6Tests.m; sourceTree = "<group>"; };
		C948CDFF1FB49D970076F79F /* Info.plist */ = {isa = PBXFileReference; lastKnownFileType = text.plist.xml; path = Info.plist; sourceTree = "<group>"; };
		C948CE041FB49D970076F79F /* Zadanie6UITests.xctest */ = {isa = PBXFileReference; explicitFileType = wrapper.cfbundle; includeInIndex = 0; path = Zadanie6UITests.xctest; sourceTree = BUILT_PRODUCTS_DIR; };
		C948CE081FB49D970076F79F /* Zadanie6UITests.m */ = {isa = PBXFileReference; lastKnownFileType = sourcecode.c.objc; path = Zadanie6UITests.m; sourceTree = "<group>"; };
		C948CE0A1FB49D970076F79F /* Info.plist */ = {isa = PBXFileReference; lastKnownFileType = text.plist.xml; path = Info.plist; sourceTree = "<group>"; };
		C948CE181FB4D5E80076F79F /* pl-PL */ = {isa = PBXFileReference; lastKnownFileType = text.plist.strings; name = "pl-PL"; path = "pl-PL.lproj/Main.strings"; sourceTree = "<group>"; };
		C948CE191FB4D5E80076F79F /* pl-PL */ = {isa = PBXFileReference; lastKnownFileType = text.plist.strings; name = "pl-PL"; path = "pl-PL.lproj/LaunchScreen.strings"; sourceTree = "<group>"; };
		C948CE1B1FB4D6130076F79F /* en */ = {isa = PBXFileReference; lastKnownFileType = text.plist.strings; name = en; path = en.lproj/Localizable.strings; sourceTree = "<group>"; };
		C948CE1D1FB4D61C0076F79F /* pl-PL */ = {isa = PBXFileReference; lastKnownFileType = text.plist.strings; name = "pl-PL"; path = "pl-PL.lproj/Localizable.strings"; sourceTree = "<group>"; };
/* End PBXFileReference section */

/* Begin PBXFrameworksBuildPhase section */
		C948CDDD1FB49D970076F79F /* Frameworks */ = {
			isa = PBXFrameworksBuildPhase;
			buildActionMask = 2147483647;
			files = (
			);
			runOnlyForDeploymentPostprocessing = 0;
		};
		C948CDF61FB49D970076F79F /* Frameworks */ = {
			isa = PBXFrameworksBuildPhase;
			buildActionMask = 2147483647;
			files = (
			);
			runOnlyForDeploymentPostprocessing = 0;
		};
		C948CE011FB49D970076F79F /* Frameworks */ = {
			isa = PBXFrameworksBuildPhase;
			buildActionMask = 2147483647;
			files = (
			);
			runOnlyForDeploymentPostprocessing = 0;
		};
/* End PBXFrameworksBuildPhase section */

/* Begin PBXGroup section */
		C948CDD71FB49D960076F79F = {
			isa = PBXGroup;
			children = (
				C948CDE21FB49D970076F79F /* Zadanie6 */,
				C948CDFC1FB49D970076F79F /* Zadanie6Tests */,
				C948CE071FB49D970076F79F /* Zadanie6UITests */,
				C948CDE11FB49D970076F79F /* Products */,
			);
			sourceTree = "<group>";
		};
		C948CDE11FB49D970076F79F /* Products */ = {
			isa = PBXGroup;
			children = (
				C948CDE01FB49D970076F79F /* Zadanie6.app */,
				C948CDF91FB49D970076F79F /* Zadanie6Tests.xctest */,
				C948CE041FB49D970076F79F /* Zadanie6UITests.xctest */,
			);
			name = Products;
			sourceTree = "<group>";
		};
		C948CDE21FB49D970076F79F /* Zadanie6 */ = {
			isa = PBXGroup;
			children = (
				C948CDE61FB49D970076F79F /* AppDelegate.h */,
				C948CDE71FB49D970076F79F /* AppDelegate.m */,
				C948CDE91FB49D970076F79F /* ViewController.h */,
				C948CDEA1FB49D970076F79F /* ViewController.m */,
				C948CDEC1FB49D970076F79F /* Main.storyboard */,
				C948CE1C1FB4D6130076F79F /* Localizable.strings */,
				C948CDEF1FB49D970076F79F /* Assets.xcassets */,
				C948CDF11FB49D970076F79F /* LaunchScreen.storyboard */,
				C948CDF41FB49D970076F79F /* Info.plist */,
				C948CDE31FB49D970076F79F /* Supporting Files */,
			);
			path = Zadanie6;
			sourceTree = "<group>";
		};
		C948CDE31FB49D970076F79F /* Supporting Files */ = {
			isa = PBXGroup;
			children = (
				C948CDE41FB49D970076F79F /* main.m */,
			);
			name = "Supporting Files";
			sourceTree = "<group>";
		};
		C948CDFC1FB49D970076F79F /* Zadanie6Tests */ = {
			isa = PBXGroup;
			children = (
				C948CDFD1FB49D970076F79F /* Zadanie6Tests.m */,
				C948CDFF1FB49D970076F79F /* Info.plist */,
			);
			path = Zadanie6Tests;
			sourceTree = "<group>";
		};
		C948CE071FB49D970076F79F /* Zadanie6UITests */ = {
			isa = PBXGroup;
			children = (
				C948CE081FB49D970076F79F /* Zadanie6UITests.m */,
				C948CE0A1FB49D970076F79F /* Info.plist */,
			);
			path = Zadanie6UITests;
			sourceTree = "<group>";
		};
/* End PBXGroup section */

/* Begin PBXNativeTarget section */
		C948CDDF1FB49D970076F79F /* Zadanie6 */ = {
			isa = PBXNativeTarget;
			buildConfigurationList = C948CE0D1FB49D970076F79F /* Build configuration list for PBXNativeTarget "Zadanie6" */;
			buildPhases = (
				C948CDDC1FB49D970076F79F /* Sources */,
				C948CDDD1FB49D970076F79F /* Frameworks */,
				C948CDDE1FB49D970076F79F /* Resources */,
			);
			buildRules = (
			);
			dependencies = (
			);
			name = Zadanie6;
			productName = Zadanie6;
			productReference = C948CDE01FB49D970076F79F /* Zadanie6.app */;
			productType = "com.apple.product-type.application";
		};
		C948CDF81FB49D970076F79F /* Zadanie6Tests */ = {
			isa = PBXNativeTarget;
			buildConfigurationList = C948CE101FB49D970076F79F /* Build configuration list for PBXNativeTarget "Zadanie6Tests" */;
			buildPhases = (
				C948CDF51FB49D970076F79F /* Sources */,
				C948CDF61FB49D970076F79F /* Frameworks */,
				C948CDF71FB49D970076F79F /* Resources */,
			);
			buildRules = (
			);
			dependencies = (
				C948CDFB1FB49D970076F79F /* PBXTargetDependency */,
			);
			name = Zadanie6Tests;
			productName = Zadanie6Tests;
			productReference = C948CDF91FB49D970076F79F /* Zadanie6Tests.xctest */;
			productType = "com.apple.product-type.bundle.unit-test";
		};
		C948CE031FB49D970076F79F /* Zadanie6UITests */ = {
			isa = PBXNativeTarget;
			buildConfigurationList = C948CE131FB49D970076F79F /* Build configuration list for PBXNativeTarget "Zadanie6UITests" */;
			buildPhases = (
				C948CE001FB49D970076F79F /* Sources */,
				C948CE011FB49D970076F79F /* Frameworks */,
				C948CE021FB49D970076F79F /* Resources */,
			);
			buildRules = (
			);
			dependencies = (
				C948CE061FB49D970076F79F /* PBXTargetDependency */,
			);
			name = Zadanie6UITests;
			productName = Zadanie6UITests;
			productReference = C948CE041FB49D970076F79F /* Zadanie6UITests.xctest */;
			productType = "com.apple.product-type.bundle.ui-testing";
		};
/* End PBXNativeTarget section */

/* Begin PBXProject section */
		C948CDD81FB49D960076F79F /* Project object */ = {
			isa = PBXProject;
			attributes = {
				LastUpgradeCheck = 0700;
				ORGANIZATIONNAME = Ewelina;
				TargetAttributes = {
					C948CDDF1FB49D970076F79F = {
						CreatedOnToolsVersion = 7.0;
					};
					C948CDF81FB49D970076F79F = {
						CreatedOnToolsVersion = 7.0;
						TestTargetID = C948CDDF1FB49D970076F79F;
					};
					C948CE031FB49D970076F79F = {
						CreatedOnToolsVersion = 7.0;
						TestTargetID = C948CDDF1FB49D970076F79F;
					};
				};
			};
			buildConfigurationList = C948CDDB1FB49D960076F79F /* Build configuration list for PBXProject "Zadanie6" */;
			compatibilityVersion = "Xcode 3.2";
			developmentRegion = English;
			hasScannedForEncodings = 0;
			knownRegions = (
				en,
				Base,
				"pl-PL",
			);
			mainGroup = C948CDD71FB49D960076F79F;
			productRefGroup = C948CDE11FB49D970076F79F /* Products */;
			projectDirPath = "";
			projectRoot = "";
			targets = (
				C948CDDF1FB49D970076F79F /* Zadanie6 */,
				C948CDF81FB49D970076F79F /* Zadanie6Tests */,
				C948CE031FB49D970076F79F /* Zadanie6UITests */,
			);
		};
/* End PBXProject section */

/* Begin PBXResourcesBuildPhase section */
		C948CDDE1FB49D970076F79F /* Resources */ = {
			isa = PBXResourcesBuildPhase;
			buildActionMask = 2147483647;
			files = (
				C948CDF31FB49D970076F79F /* LaunchScreen.storyboard in Resources */,
				C948CE1A1FB4D6130076F79F /* Localizable.strings in Resources */,
				C948CDF01FB49D970076F79F /* Assets.xcassets in Resources */,
				C948CDEE1FB49D970076F79F /* Main.storyboard in Resources */,
			);
			runOnlyForDeploymentPostprocessing = 0;
		};
		C948CDF71FB49D970076F79F /* Resources */ = {
			isa = PBXResourcesBuildPhase;
			buildActionMask = 2147483647;
			files = (
			);
			runOnlyForDeploymentPostprocessing = 0;
		};
		C948CE021FB49D970076F79F /* Resources */ = {
			isa = PBXResourcesBuildPhase;
			buildActionMask = 2147483647;
			files = (
			);
			runOnlyForDeploymentPostprocessing = 0;
		};
/* End PBXResourcesBuildPhase section */

/* Begin PBXSourcesBuildPhase section */
		C948CDDC1FB49D970076F79F /* Sources */ = {
			isa = PBXSourcesBuildPhase;
			buildActionMask = 2147483647;
			files = (
				C948CDEB1FB49D970076F79F /* ViewController.m in Sources */,
				C948CDE81FB49D970076F79F /* AppDelegate.m in Sources */,
				C948CDE51FB49D970076F79F /* main.m in Sources */,
			);
			runOnlyForDeploymentPostprocessing = 0;
		};
		C948CDF51FB49D970076F79F /* Sources */ = {
			isa = PBXSourcesBuildPhase;
			buildActionMask = 2147483647;
			files = (
				C948CDFE1FB49D970076F79F /* Zadanie6Tests.m in Sources */,
			);
			runOnlyForDeploymentPostprocessing = 0;
		};
		C948CE001FB49D970076F79F /* Sources */ = {
			isa = PBXSourcesBuildPhase;
			buildActionMask = 2147483647;
			files = (
				C948CE091FB49D970076F79F /* Zadanie6UITests.m in Sources */,
			);
			runOnlyForDeploymentPostprocessing = 0;
		};
/* End PBXSourcesBuildPhase section */

/* Begin PBXTargetDependency section */
		C948CDFB1FB49D970076F79F /* PBXTargetDependency */ = {
			isa = PBXTargetDependency;
			target = C948CDDF1FB49D970076F79F /* Zadanie6 */;
			targetProxy = C948CDFA1FB49D970076F79F /* PBXContainerItemProxy */;
		};
		C948CE061FB49D970076F79F /* PBXTargetDependency */ = {
			isa = PBXTargetDependency;
			target = C948CDDF1FB49D970076F79F /* Zadanie6 */;
			targetProxy = C948CE051FB49D970076F79F /* PBXContainerItemProxy */;
		};
/* End PBXTargetDependency section */

/* Begin PBXVariantGroup section */
		C948CDEC1FB49D970076F79F /* Main.storyboard */ = {
			isa = PBXVariantGroup;
			children = (
				C948CDED1FB49D970076F79F /* Base */,
				C948CE181FB4D5E80076F79F /* pl-PL */,
			);
			name = Main.storyboard;
			sourceTree = "<group>";
		};
		C948CDF11FB49D970076F79F /* LaunchScreen.storyboard */ = {
			isa = PBXVariantGroup;
			children = (
				C948CDF21FB49D970076F79F /* Base */,
				C948CE191FB4D5E80076F79F /* pl-PL */,
			);
			name = LaunchScreen.storyboard;
			sourceTree = "<group>";
		};
		C948CE1C1FB4D6130076F79F /* Localizable.strings */ = {
			isa = PBXVariantGroup;
			children = (
				C948CE1B1FB4D6130076F79F /* en */,
				C948CE1D1FB4D61C0076F79F /* pl-PL */,
			);
			name = Localizable.strings;
			sourceTree = "<group>";
		};
/* End PBXVariantGroup section */

/* Begin XCBuildConfiguration section */
		C948CE0B1FB49D970076F79F /* Debug */ = {
			isa = XCBuildConfiguration;
			buildSettings = {
				ALWAYS_SEARCH_USER_PATHS = NO;
				CLANG_CXX_LANGUAGE_STANDARD = "gnu++0x";
				CLANG_CXX_LIBRARY = "libc++";
				CLANG_ENABLE_MODULES = YES;
				CLANG_ENABLE_OBJC_ARC = YES;
				CLANG_WARN_BOOL_CONVERSION = YES;
				CLANG_WARN_CONSTANT_CONVERSION = YES;
				CLANG_WARN_DIRECT_OBJC_ISA_USAGE = YES_ERROR;
				CLANG_WARN_EMPTY_BODY = YES;
				CLANG_WARN_ENUM_CONVERSION = YES;
				CLANG_WARN_INT_CONVERSION = YES;
				CLANG_WARN_OBJC_ROOT_CLASS = YES_ERROR;
				CLANG_WARN_UNREACHABLE_CODE = YES;
				CLANG_WARN__DUPLICATE_METHOD_MATCH = YES;
				"CODE_SIGN_IDENTITY[sdk=iphoneos*]" = "iPhone Developer";
				COPY_PHASE_STRIP = NO;
				DEBUG_INFORMATION_FORMAT = dwarf;
				ENABLE_STRICT_OBJC_MSGSEND = YES;
				ENABLE_TESTABILITY = YES;
				GCC_C_LANGUAGE_STANDARD = gnu99;
				GCC_DYNAMIC_NO_PIC = NO;
				GCC_NO_COMMON_BLOCKS = YES;
				GCC_OPTIMIZATION_LEVEL = 0;
				GCC_PREPROCESSOR_DEFINITIONS = (
					"DEBUG=1",
					"$(inherited)",
				);
				GCC_WARN_64_TO_32_BIT_CONVERSION = YES;
				GCC_WARN_ABOUT_RETURN_TYPE = YES_ERROR;
				GCC_WARN_UNDECLARED_SELECTOR = YES;
				GCC_WARN_UNINITIALIZED_AUTOS = YES_AGGRESSIVE;
				GCC_WARN_UNUSED_FUNCTION = YES;
				GCC_WARN_UNUSED_VARIABLE = YES;
				IPHONEOS_DEPLOYMENT_TARGET = 9.0;
				MTL_ENABLE_DEBUG_INFO = YES;
				ONLY_ACTIVE_ARCH = YES;
				SDKROOT = iphoneos;
			};
			name = Debug;
		};
		C948CE0C1FB49D970076F79F /* Release */ = {
			isa = XCBuildConfiguration;
			buildSettings = {
				ALWAYS_SEARCH_USER_PATHS = NO;
				CLANG_CXX_LANGUAGE_STANDARD = "gnu++0x";
				CLANG_CXX_LIBRARY = "libc++";
				CLANG_ENABLE_MODULES = YES;
				CLANG_ENABLE_OBJC_ARC = YES;
				CLANG_WARN_BOOL_CONVERSION = YES;
				CLANG_WARN_CONSTANT_CONVERSION = YES;
				CLANG_WARN_DIRECT_OBJC_ISA_USAGE = YES_ERROR;
				CLANG_WARN_EMPTY_BODY = YES;
				CLANG_WARN_ENUM_CONVERSION = YES;
				CLANG_WARN_INT_CONVERSION = YES;
				CLANG_WARN_OBJC_ROOT_CLASS = YES_ERROR;
				CLANG_WARN_UNREACHABLE_CODE = YES;
				CLANG_WARN__DUPLICATE_METHOD_MATCH = YES;
				"CODE_SIGN_IDENTITY[sdk=iphoneos*]" = "iPhone Developer";
				COPY_PHASE_STRIP = NO;
				DEBUG_INFORMATION_FORMAT = "dwarf-with-dsym";
				ENABLE_NS_ASSERTIONS = NO;
				ENABLE_STRICT_OBJC_MSGSEND = YES;
				GCC_C_LANGUAGE_STANDARD = gnu99;
				GCC_NO_COMMON_BLOCKS = YES;
				GCC_WARN_64_TO_32_BIT_CONVERSION = YES;
				GCC_WARN_ABOUT_RETURN_TYPE = YES_ERROR;
				GCC_WARN_UNDECLARED_SELECTOR = YES;
				GCC_WARN_UNINITIALIZED_AUTOS = YES_AGGRESSIVE;
				GCC_WARN_UNUSED_FUNCTION = YES;
				GCC_WARN_UNUSED_VARIABLE = YES;
				IPHONEOS_DEPLOYMENT_TARGET = 9.0;
				MTL_ENABLE_DEBUG_INFO = NO;
				SDKROOT = iphoneos;
				VALIDATE_PRODUCT = YES;
			};
			name = Release;
		};
		C948CE0E1FB49D970076F79F /* Debug */ = {
			isa = XCBuildConfiguration;
			buildSettings = {
				ASSETCATALOG_COMPILER_APPICON_NAME = AppIcon;
				INFOPLIST_FILE = Zadanie6/Info.plist;
				LD_RUNPATH_SEARCH_PATHS = "$(inherited) @executable_path/Frameworks";
				PRODUCT_BUNDLE_IDENTIFIER = com.Ewelina.Zadanie6;
				PRODUCT_NAME = "$(TARGET_NAME)";
			};
			name = Debug;
		};
		C948CE0F1FB49D970076F79F /* Release */ = {
			isa = XCBuildConfiguration;
			buildSettings = {
				ASSETCATALOG_COMPILER_APPICON_NAME = AppIcon;
				INFOPLIST_FILE = Zadanie6/Info.plist;
				LD_RUNPATH_SEARCH_PATHS = "$(inherited) @executable_path/Frameworks";
				PRODUCT_BUNDLE_IDENTIFIER = com.Ewelina.Zadanie6;
				PRODUCT_NAME = "$(TARGET_NAME)";
			};
			name = Release;
		};
		C948CE111FB49D970076F79F /* Debug */ = {
			isa = XCBuildConfiguration;
			buildSettings = {
				BUNDLE_LOADER = "$(TEST_HOST)";
				INFOPLIST_FILE = Zadanie6Tests/Info.plist;
				LD_RUNPATH_SEARCH_PATHS = "$(inherited) @executable_path/Frameworks @loader_path/Frameworks";
				PRODUCT_BUNDLE_IDENTIFIER = com.Ewelina.Zadanie6Tests;
				PRODUCT_NAME = "$(TARGET_NAME)";
				TEST_HOST = "$(BUILT_PRODUCTS_DIR)/Zadanie6.app/Zadanie6";
			};
			name = Debug;
		};
		C948CE121FB49D970076F79F /* Release */ = {
			isa = XCBuildConfiguration;
			buildSettings = {
				BUNDLE_LOADER = "$(TEST_HOST)";
				INFOPLIST_FILE = Zadanie6Tests/Info.plist;
				LD_RUNPATH_SEARCH_PATHS = "$(inherited) @executable_path/Frameworks @loader_path/Frameworks";
				PRODUCT_BUNDLE_IDENTIFIER = com.Ewelina.Zadanie6Tests;
				PRODUCT_NAME = "$(TARGET_NAME)";
				TEST_HOST = "$(BUILT_PRODUCTS_DIR)/Zadanie6.app/Zadanie6";
			};
			name = Release;
		};
		C948CE141FB49D970076F79F /* Debug */ = {
			isa = XCBuildConfiguration;
			buildSettings = {
				INFOPLIST_FILE = Zadanie6UITests/Info.plist;
				LD_RUNPATH_SEARCH_PATHS = "$(inherited) @executable_path/Frameworks @loader_path/Frameworks";
				PRODUCT_BUNDLE_IDENTIFIER = com.Ewelina.Zadanie6UITests;
				PRODUCT_NAME = "$(TARGET_NAME)";
				TEST_TARGET_NAME = Zadanie6;
				USES_XCTRUNNER = YES;
			};
			name = Debug;
		};
		C948CE151FB49D970076F79F /* Release */ = {
			isa = XCBuildConfiguration;
			buildSettings = {
				INFOPLIST_FILE = Zadanie6UITests/Info.plist;
				LD_RUNPATH_SEARCH_PATHS = "$(inherited) @executable_path/Frameworks @loader_path/Frameworks";
				PRODUCT_BUNDLE_IDENTIFIER = com.Ewelina.Zadanie6UITests;
				PRODUCT_NAME = "$(TARGET_NAME)";
				TEST_TARGET_NAME = Zadanie6;
				USES_XCTRUNNER = YES;
			};
			name = Release;
		};
/* End XCBuildConfiguration section */

/* Begin XCConfigurationList section */
		C948CDDB1FB49D960076F79F /* Build configuration list for PBXProject "Zadanie6" */ = {
			isa = XCConfigurationList;
			buildConfigurations = (
				C948CE0B1FB49D970076F79F /* Debug */,
				C948CE0C1FB49D970076F79F /* Release */,
			);
			defaultConfigurationIsVisible = 0;
			defaultConfigurationName = Release;
		};
		C948CE0D1FB49D970076F79F /* Build configuration list for PBXNativeTarget "Zadanie6" */ = {
			isa = XCConfigurationList;
			buildConfigurations = (
				C948CE0E1FB49D970076F79F /* Debug */,
				C948CE0F1FB49D970076F79F /* Release */,
			);
			defaultConfigurationIsVisible = 0;
		};
		C948CE101FB49D970076F79F /* Build configuration list for PBXNativeTarget "Zadanie6Tests" */ = {
			isa = XCConfigurationList;
			buildConfigurations = (
				C948CE111FB49D970076F79F /* Debug */,
				C948CE121FB49D970076F79F /* Release */,
			);
			defaultConfigurationIsVisible = 0;
		};
		C948CE131FB49D970076F79F /* Build configuration list for PBXNativeTarget "Zadanie6UITests" */ = {
			isa = XCConfigurationList;
			buildConfigurations = (
				C948CE141FB49D970076F79F /* Debug */,
				C948CE151FB49D970076F79F /* Release */,
			);
			defaultConfigurationIsVisible = 0;
		};
/* End XCConfigurationList section */
	};
	rootObject = C948CDD81FB49D960076F79F /* Project object */;
}
